# THIS IS AN AUTOGENERATED FILE. DO NOT EDIT THIS FILE DIRECTLY.
# yarn lockfile v1


"@aws-sdk/client-ecs@^3.600.0":
  version "3.1081.0"
  resolved "https://registry.yarnpkg.com/@aws-sdk/client-ecs/-/client-ecs-3.1081.0.tgz#05f57706640d9f3e6853fbb5d302c7940b91f32a"
  integrity sha512-fvdMh5jE+TfifFsEbWa8KPL8hnlZXezQzo6u9LSUpKFu9osL66y/uSUi0FxkvHpkvFYG6pPlhPRqfgaTIu2t8Q==
  dependencies:
    "@aws-sdk/core" "^3.974.29"
    "@aws-sdk/credential-provider-node" "^3.972.64"
    "@aws-sdk/types" "^3.973.15"
    "@smithy/core" "^3.29.0"
    "@smithy/fetch-http-handler" "^5.6.2"
    "@smithy/node-http-handler" "^4.9.2"
    "@smithy/types" "^4.15.1"
    tslib "^2.6.2"

"@aws-sdk/client-elastic-load-balancing-v2@^3.600.0":
  version "3.1081.0"
  resolved "https://registry.yarnpkg.com/@aws-sdk/client-elastic-load-balancing-v2/-/client-elastic-load-balancing-v2-3.1081.0.tgz#c553cc4aaa8818e3917f35944a02ece25ac1c466"
  integrity sha512-oAtzMgv6+f7ogZC5ZvbLX8AQrF97hKIBmgozI16jkj9sKP5DhNUgQCtEjhe8D0ixDkvX2n4VtXxWBnlGtyVaDg==
  dependencies:
    "@aws-sdk/core" "^3.974.29"
    "@aws-sdk/credential-provider-node" "^3.972.64"
    "@aws-sdk/types" "^3.973.15"
    "@smithy/core" "^3.29.0"
    "@smithy/fetch-http-handler" "^5.6.2"
    "@smithy/node-http-handler" "^4.9.2"
    "@smithy/types" "^4.15.1"
    tslib "^2.6.2"

"@aws-sdk/client-rds@^3.600.0":
  version "3.1081.0"
  resolved "https://registry.yarnpkg.com/@aws-sdk/client-rds/-/client-rds-3.1081.0.tgz#40c305f704e25b6f87a22b73b3a5668b043f81ce"
  integrity sha512-jl8rhm669RiNTdXLJSRwAYL87j7sL2oIBR7l575ZyJBKPArODKzOpmi5TDhGSPYaUvrPbcncGNScVN4mdrXkvw==
  dependencies:
    "@aws-sdk/core" "^3.974.29"
    "@aws-sdk/credential-provider-node" "^3.972.64"
    "@aws-sdk/middleware-sdk-rds" "^3.972.43"
    "@aws-sdk/types" "^3.973.15"
    "@smithy/core" "^3.29.0"
    "@smithy/fetch-http-handler" "^5.6.2"
    "@smithy/node-http-handler" "^4.9.2"
    "@smithy/types" "^4.15.1"
    tslib "^2.6.2"

"@aws-sdk/client-secrets-manager@^3.600.0":
  version "3.1081.0"
  resolved "https://registry.yarnpkg.com/@aws-sdk/client-secrets-manager/-/client-secrets-manager-3.1081.0.tgz#7b4055d982c908c9ee7c55eca581ece459500210"
  integrity sha512-rPLag4HuZYW/vCUMGZ19zFWgi8Uw/rARgxSLmPpX2ua9h1ysXX+KBwf4/o74uJO5qanVPHJv59aZ03/WBVrQKw==
  dependencies:
    "@aws-sdk/core" "^3.974.29"
    "@aws-sdk/credential-provider-node" "^3.972.64"
    "@aws-sdk/types" "^3.973.15"
    "@smithy/core" "^3.29.0"
    "@smithy/fetch-http-handler" "^5.6.2"
    "@smithy/node-http-handler" "^4.9.2"
    "@smithy/types" "^4.15.1"
    tslib "^2.6.2"

"@aws-sdk/client-ssm@^3.600.0":
  version "3.1081.0"
  resolved "https://registry.yarnpkg.com/@aws-sdk/client-ssm/-/client-ssm-3.1081.0.tgz#1525c102566a52468cee921a66a374475ed0006f"
  integrity sha512-pgKETowK134GMnSLvh4uuqQejfrxTRRBsekwRVYsPKyyeHvt0PhZfea90lKwj3Af1Fre9xJ7oWnxfOUCnVdQTA==
  dependencies:
    "@aws-sdk/core" "^3.974.29"
    "@aws-sdk/credential-provider-node" "^3.972.64"
    "@aws-sdk/types" "^3.973.15"
    "@smithy/core" "^3.29.0"
    "@smithy/fetch-http-handler" "^5.6.2"
    "@smithy/node-http-handler" "^4.9.2"
    "@smithy/types" "^4.15.1"
    tslib "^2.6.2"

"@aws-sdk/core@^3.974.29":
  version "3.974.29"
  resolved "https://registry.yarnpkg.com/@aws-sdk/core/-/core-3.974.29.tgz#6a22ddd63d5995ff5a300f5911bd9fbb5d837deb"
  integrity sha512-yqKcltLbtRh1ubzhRSldIs8jFHNZlyMlgoIccCC0aDVbrB99nXaBdmfr89mK7obWX/NVg4rAMpCpZ6dCDiVBtA==
  dependencies:
    "@aws-sdk/types" "^3.973.15"
    "@aws-sdk/xml-builder" "^3.972.33"
    "@aws/lambda-invoke-store" "^0.3.0"
    "@smithy/core" "^3.29.0"
    "@smithy/signature-v4" "^5.6.1"
    "@smithy/types" "^4.15.1"
    bowser "^2.11.0"
    tslib "^2.6.2"

"@aws-sdk/credential-provider-env@^3.972.55":
  version "3.972.55"
  resolved "https://registry.yarnpkg.com/@aws-sdk/credential-provider-env/-/credential-provider-env-3.972.55.tgz#1129acf8860db362a30a02a531387fd399448268"
  integrity sha512-Ah36tYkqyaVnaHkx7VseoTYrHUmwgBps3V+wnrC1idhIIMGlviH0FtrX9EIPdAlVHvXC7FQZLhmHBRz+pLaiWg==
  dependencies:
    "@aws-sdk/core" "^3.974.29"
    "@aws-sdk/types" "^3.973.15"
    "@smithy/core" "^3.29.0"
    "@smithy/types" "^4.15.1"
    tslib "^2.6.2"

"@aws-sdk/credential-provider-http@^3.972.57":
  version "3.972.57"
  resolved "https://registry.yarnpkg.com/@aws-sdk/credential-provider-http/-/credential-provider-http-3.972.57.tgz#4f73bb2f0e03525ab11e001ac18c39cb120dd14c"
  integrity sha512-/vp6i5YEliJqRm5k/BDmYjAyRAMTdkjW6UciVRk9oh/0OfDCWeb/ih7hqte4lFvKXkIbsqe9AdK9LQK6NGardw==
  dependencies:
    "@aws-sdk/core" "^3.974.29"
    "@aws-sdk/types" "^3.973.15"
    "@smithy/core" "^3.29.0"
    "@smithy/fetch-http-handler" "^5.6.2"
    "@smithy/node-http-handler" "^4.9.2"
    "@smithy/types" "^4.15.1"
    tslib "^2.6.2"

"@aws-sdk/credential-provider-ini@^3.972.62":
  version "3.972.62"
  resolved "https://registry.yarnpkg.com/@aws-sdk/credential-provider-ini/-/credential-provider-ini-3.972.62.tgz#a2ca7fc7a1899c0a4a38e501baa666cf1449f2e9"
  integrity sha512-pQIRiQQs+MUlVnJdWJ7/6KS0WxcLRVfut57OFgwC3cnM1F8mXw3Kh4gAVwj6AtvD6CWx8x6+po4ENRcqe64XrQ==
  dependencies:
    "@aws-sdk/core" "^3.974.29"
    "@aws-sdk/credential-provider-env" "^3.972.55"
    "@aws-sdk/credential-provider-http" "^3.972.57"
    "@aws-sdk/credential-provider-login" "^3.972.61"
    "@aws-sdk/credential-provider-process" "^3.972.55"
    "@aws-sdk/credential-provider-sso" "^3.972.61"
    "@aws-sdk/credential-provider-web-identity" "^3.972.61"
    "@aws-sdk/nested-clients" "^3.997.29"
    "@aws-sdk/types" "^3.973.15"
    "@smithy/core" "^3.29.0"
    "@smithy/credential-provider-imds" "^4.4.5"
    "@smithy/types" "^4.15.1"
    tslib "^2.6.2"

"@aws-sdk/credential-provider-login@^3.972.61":
  version "3.972.61"
  resolved "https://registry.yarnpkg.com/@aws-sdk/credential-provider-login/-/credential-provider-login-3.972.61.tgz#f5ba696bae9af3505ae5f3e2a70d7e216d0d37f6"
  integrity sha512-jtrxWwC7slqxh7DnAWHrwsA3UwCsnlypdYtavGT7EX5p791wxWQys7QzkCZ7JvOMAyylDtPoxyV+ic0zg3rV9g==
  dependencies:
    "@aws-sdk/core" "^3.974.29"
    "@aws-sdk/nested-clients" "^3.997.29"
    "@aws-sdk/types" "^3.973.15"
    "@smithy/core" "^3.29.0"
    "@smithy/types" "^4.15.1"
    tslib "^2.6.2"

"@aws-sdk/credential-provider-node@^3.972.64":
  version "3.972.64"
  resolved "https://registry.yarnpkg.com/@aws-sdk/credential-provider-node/-/credential-provider-node-3.972.64.tgz#282456c24bad616faefe2a6c68701913f8289c10"
  integrity sha512-zyKVYDyMR9VQL/kPi03ygN2vtD9uLMuWRLoJ77KxgZZaS1VlJloI+SzleF9Zg4HWUI+AIu+ZRs8zsJFNqbrxsw==
  dependencies:
    "@aws-sdk/credential-provider-env" "^3.972.55"
    "@aws-sdk/credential-provider-http" "^3.972.57"
    "@aws-sdk/credential-provider-ini" "^3.972.62"
    "@aws-sdk/credential-provider-process" "^3.972.55"
    "@aws-sdk/credential-provider-sso" "^3.972.61"
    "@aws-sdk/credential-provider-web-identity" "^3.972.61"
    "@aws-sdk/types" "^3.973.15"
    "@smithy/core" "^3.29.0"
    "@smithy/credential-provider-imds" "^4.4.5"
    "@smithy/types" "^4.15.1"
    tslib "^2.6.2"

"@aws-sdk/credential-provider-process@^3.972.55":
  version "3.972.55"
  resolved "https://registry.yarnpkg.com/@aws-sdk/credential-provider-process/-/credential-provider-process-3.972.55.tgz#bebd30d0065ca34f64e14a870f54a09f23cf11e2"
  integrity sha512-x0XjjF0l1WGRtK2vEhTZqCguQuAIZLep9l2+eeEmuxQQjjD3BlGQXY5xADR+l3t576UX+dxRkRtTjEu40l81Vw==
  dependencies:
    "@aws-sdk/core" "^3.974.29"
    "@aws-sdk/types" "^3.973.15"
    "@smithy/core" "^3.29.0"
    "@smithy/types" "^4.15.1"
    tslib "^2.6.2"

"@aws-sdk/credential-provider-sso@^3.972.61":
  version "3.972.61"
  resolved "https://registry.yarnpkg.com/@aws-sdk/credential-provider-sso/-/credential-provider-sso-3.972.61.tgz#8c15846c65d2f03bfca3347626e1fcd1a0f40726"
  integrity sha512-d/V0VRsz73i+PHhbult/tx0Y1+de1SNQVsXkcQCmpfeBq7uODy/RTxNsOLpT9ZVHxcRNzbQFuywLKC33fUMIxA==
  dependencies:
    "@aws-sdk/core" "^3.974.29"
    "@aws-sdk/nested-clients" "^3.997.29"
    "@aws-sdk/token-providers" "3.1081.0"
    "@aws-sdk/types" "^3.973.15"
    "@smithy/core" "^3.29.0"
    "@smithy/types" "^4.15.1"
    tslib "^2.6.2"

"@aws-sdk/credential-provider-web-identity@^3.972.61":
  version "3.972.61"
  resolved "https://registry.yarnpkg.com/@aws-sdk/credential-provider-web-identity/-/credential-provider-web-identity-3.972.61.tgz#1938cc425e6156acd673484f10b437c5c4c85158"
  integrity sha512-Bv4n3NOI6hPy+rmr6Bw9R6LnBVRkcp3ncj2E2IKSYJG+0UkysSitWMvbgndNvMxDw7gE1pQ/ErwkNceuKwj7zQ==
  dependencies:
    "@aws-sdk/core" "^3.974.29"
    "@aws-sdk/nested-clients" "^3.997.29"
    "@aws-sdk/types" "^3.973.15"
    "@smithy/core" "^3.29.0"
    "@smithy/types" "^4.15.1"
    tslib "^2.6.2"

"@aws-sdk/middleware-sdk-rds@^3.972.43":
  version "3.972.43"
  resolved "https://registry.yarnpkg.com/@aws-sdk/middleware-sdk-rds/-/middleware-sdk-rds-3.972.43.tgz#4e399e4c8ce5a168bb989ed7f973c7d4e12e324b"
  integrity sha512-qovkWg8LBTtVihGn5eg0ANWe9j0XIezzLl1elsf4pBZYTJgGiDDjkcHUyPGLXSa3RcxyhbOljeJZhZsnzacJsw==
  dependencies:
    "@aws-sdk/core" "^3.974.29"
    "@aws-sdk/types" "^3.973.15"
    "@smithy/core" "^3.29.0"
    "@smithy/signature-v4" "^5.6.1"
    "@smithy/types" "^4.15.1"
    tslib "^2.6.2"

"@aws-sdk/nested-clients@^3.997.29":
  version "3.997.29"
  resolved "https://registry.yarnpkg.com/@aws-sdk/nested-clients/-/nested-clients-3.997.29.tgz#66a7a20d585c1357c41ed534309fc4c93a5c7428"
  integrity sha512-ot6v8J5W8P0w6ryyuIkXP1bHZHTlvwtn83mVCYaBE0GJ6tJX4vPSBx7M98w9O4wmmDruFsDBUMjhEHA+OosUFQ==
  dependencies:
    "@aws-sdk/core" "^3.974.29"
    "@aws-sdk/signature-v4-multi-region" "^3.996.38"
    "@aws-sdk/types" "^3.973.15"
    "@smithy/core" "^3.29.0"
    "@smithy/fetch-http-handler" "^5.6.2"
    "@smithy/node-http-handler" "^4.9.2"
    "@smithy/types" "^4.15.1"
    tslib "^2.6.2"

"@aws-sdk/signature-v4-multi-region@^3.996.38":
  version "3.996.38"
  resolved "https://registry.yarnpkg.com/@aws-sdk/signature-v4-multi-region/-/signature-v4-multi-region-3.996.38.tgz#8e603b2a916499f573b537e13860b074950bd29b"
  integrity sha512-C379Sk+MiFZCfWZphKlMyLHKxV22OjoGM5KJjj5IJNJcOCWL4IGIpnEGzv1FQiRwhYXfq55SJMfxlqPE08JJ9g==
  dependencies:
    "@aws-sdk/types" "^3.973.15"
    "@smithy/signature-v4" "^5.6.1"
    "@smithy/types" "^4.15.1"
    tslib "^2.6.2"

"@aws-sdk/token-providers@3.1081.0":
  version "3.1081.0"
  resolved "https://registry.yarnpkg.com/@aws-sdk/token-providers/-/token-providers-3.1081.0.tgz#f6d811be8464a4b5d16f2294387b561a27bc0853"
  integrity sha512-kduAeI6cL+zqwj3gjPh9LhuX7kBZ83msYxutavaR+UPm5K8J7iThJBvNRAsFNyWTji92CSU8dogUgvi9T0BehA==
  dependencies:
    "@aws-sdk/core" "^3.974.29"
    "@aws-sdk/nested-clients" "^3.997.29"
    "@aws-sdk/types" "^3.973.15"
    "@smithy/core" "^3.29.0"
    "@smithy/types" "^4.15.1"
    tslib "^2.6.2"

"@aws-sdk/types@^3.973.15":
  version "3.973.15"
  resolved "https://registry.yarnpkg.com/@aws-sdk/types/-/types-3.973.15.tgz#98a4860bed33c32c7088924d0ab52f9eabbdf7c3"
  integrity sha512-IULn8uBV/SMtmOIANsm4WHXIOtVPBWfOWs3WGL0j/sI+KhaYehvOw0ET+9urnn8MBpiijuU/0JOpuwKOE451PQ==
  dependencies:
    "@smithy/types" "^4.15.1"
    tslib "^2.6.2"

"@aws-sdk/xml-builder@^3.972.33":
  version "3.972.33"
  resolved "https://registry.yarnpkg.com/@aws-sdk/xml-builder/-/xml-builder-3.972.33.tgz#5cf4c5c74003382ff14928199a6745d4f3201eef"
  integrity sha512-ezbwz9WpuLctm6o7P2t2naDhVVPI5jFGrVefVybhcKGjU57VIyT46pQVO0RI2RYkUdhdj2Z9uSIlAzGZE9NW9A==
  dependencies:
    "@smithy/types" "^4.15.1"
    tslib "^2.6.2"

"@aws/lambda-invoke-store@^0.3.0":
  version "0.3.0"
  resolved "https://registry.yarnpkg.com/@aws/lambda-invoke-store/-/lambda-invoke-store-0.3.0.tgz#708802d987f8e17bdf4af4de1031660ce1cdd65f"
  integrity sha512-sl4Bm6yiMNYrZKkqqDFWN0UfnWhlS8ivKxrYl+6t0gCLrqr8y3B2IqZZbFRkfaVVp7C/baApyh71P+LeE1A2sQ==

"@esbuild/aix-ppc64@0.28.1":
  version "0.28.1"
  resolved "https://registry.yarnpkg.com/@esbuild/aix-ppc64/-/aix-ppc64-0.28.1.tgz#7a01a8d2ec2fbb2dac78adad09b0fa781e4082be"
  integrity sha512-Svl7tq8k/08+p6CXPpRjQ1fKX+1odH/BQbb48fV6fj3CWHhsoIOoY87w1oHXm0qEpkIK3ZfVgp0hed3XBXzXMQ==

"@esbuild/android-arm64@0.28.1":
  version "0.28.1"
  resolved "https://registry.yarnpkg.com/@esbuild/android-arm64/-/android-arm64-0.28.1.tgz#b540a27d14e4afd058496a4dbec4d3f414db110a"
  integrity sha512-34EGEbCIAgosYz6goLcopX6Mo7NyGv9tfwEM2/7Ce2VcVRk568iSvniGWcUXIy7wEDR1wzolcxcriFVrWYcwBg==

"@esbuild/android-arm@0.28.1":
  version "0.28.1"
  resolved "https://registry.yarnpkg.com/@esbuild/android-arm/-/android-arm-0.28.1.tgz#704bd297de6d762de54eabbeafbf55f6756abe2f"
  integrity sha512-0k2F129Xdio1TdJfzJ8sy1Q47vUD2NnwdhiAf7drUN1EBTfPf4hsFCtmMgu/6m8JSzsBrlmVjudMBQqOfG8usQ==

"@esbuild/android-x64@0.28.1":
  version "0.28.1"
  resolved "https://registry.yarnpkg.com/@esbuild/android-x64/-/android-x64-0.28.1.tgz#d1cb166d34b0fbf0fe8ab460a5594f24a378701e"
  integrity sha512-dbwY7ltSMDWsRatcRpCnES4F+im88OCUgGZjy52shC7GqHRE/cYlxNbB4Z4UpJswpcc4Qxd2oE/ufM0p61IKng==

"@esbuild/darwin-arm64@0.28.1":
  version "0.28.1"
  resolved "https://registry.yarnpkg.com/@esbuild/darwin-arm64/-/darwin-arm64-0.28.1.tgz#1034b26457fc886368fe61bbd09f653f6afa8e54"
  integrity sha512-TZbWkQY7kvTAXbXUT7uVACR5cMHsDiSz9z7ZKAX/RTq/WJEk3QyRr0wZpNhBDX+/0CtdqUIJlOiodQcta6tY3Q==

"@esbuild/darwin-x64@0.28.1":
  version "0.28.1"
  resolved "https://registry.yarnpkg.com/@esbuild/darwin-x64/-/darwin-x64-0.28.1.tgz#65556a432a1e4d72032d8218c1932fcca1a49772"
  integrity sha512-zfdzgK9ACBNZLI/CyHTOx81SyNbM6YXn7rxSgX97VjyiPl9W1i4Ka4fgKECEoFCKGpvBj5qArWIGgQjOwkgskQ==

"@esbuild/freebsd-arm64@0.28.1":
  version "0.28.1"
  resolved "https://registry.yarnpkg.com/@esbuild/freebsd-arm64/-/freebsd-arm64-0.28.1.tgz#2e61e0592f9030d7e3dae18ee25ebc535918aef6"
  integrity sha512-wG2EA8ENdEI0qhkSZMjfqrdY+ziCYCPMmtZjjIwOmXFjmyzEHn+UUxk5of+SYsjtfs3VpnlC7QLzSI5hY/rOAw==

"@esbuild/freebsd-x64@0.28.1":
  version "0.28.1"
  resolved "https://registry.yarnpkg.com/@esbuild/freebsd-x64/-/freebsd-x64-0.28.1.tgz#c95ec289959ef8079c4dca817a1e2c4be66b9bd3"
  integrity sha512-i7dZ9vQgnvSCzi/rYCXNgtF/U+eKZNJBzu3eTQbRgHnM7tNSizLOkRFAl3qzVc/Op/u5YkHHa4pf/3DOYHthLQ==

"@esbuild/linux-arm64@0.28.1":
  version "0.28.1"
  resolved "https://registry.yarnpkg.com/@esbuild/linux-arm64/-/linux-arm64-0.28.1.tgz#40b22175dda06182f3ee8141186c5ff304c4a717"
  integrity sha512-yHs+0uc8+nvEAfAfxrWQKK5peSNzBc4PegcMO0EJ2hT71uA7vB8Ihg2e77R2P7SG5uYjPbHlLLmve4LLLRCf0g==

"@esbuild/linux-arm@0.28.1":
  version "0.28.1"
  resolved "https://registry.yarnpkg.com/@esbuild/linux-arm/-/linux-arm-0.28.1.tgz#c09a0f67917592ac0de892a9be4d3814debd2a6c"
  integrity sha512-qVXBOHQS+d5Y722GwJzJUtOLlX7km3CraOaGormF1pDtPd2C/l1SHRPgjLunLGe51Sh5YYWKMFDyV4SxgMQYTQ==

"@esbuild/linux-ia32@0.28.1":
  version "0.28.1"
  resolved "https://registry.yarnpkg.com/@esbuild/linux-ia32/-/linux-ia32-0.28.1.tgz#a580f9c676797833891e519fc7a1337c8afd8db3"
  integrity sha512-d1z4ZuP0ajrfz/FhGT4vv278rX8KnPPJx8i5+AtK7TYbx9Le9F1hyzurZpkEyjkGa9dUGhQow4C1NmeGvqxN2w==

"@esbuild/linux-loong64@0.28.1":
  version "0.28.1"
  resolved "https://registry.yarnpkg.com/@esbuild/linux-loong64/-/linux-loong64-0.28.1.tgz#46452cf321dc7f9e91c2fa780a56bb56e79cd68b"
  integrity sha512-M5sRjUVZrkm1OAPR3dlOYzNmN+loZKGVi1VUQGrwuqLcbR6qeAz+famMhjASeH3YVKvZz+zT1jlh/keC3Rj/lg==

"@esbuild/linux-mips64el@0.28.1":
  version "0.28.1"
  resolved "https://registry.yarnpkg.com/@esbuild/linux-mips64el/-/linux-mips64el-0.28.1.tgz#4211b3184dd6608f53dcb22e39f5d34ee08852c8"
  integrity sha512-mRObBZeHh2OxcBFPWE/FjylkRgZdYuiTR3vaTozquCGOH14iP9oN4x4Ge81CoIDYQrXmIxpFumJBu5MtZpnQJQ==

"@esbuild/linux-ppc64@0.28.1":
  version "0.28.1"
  resolved "https://registry.yarnpkg.com/@esbuild/linux-ppc64/-/linux-ppc64-0.28.1.tgz#697857c2a61cb9b0b6bb6652e40c1dc5e1ca8e5d"
  integrity sha512-slScBsMAb3GFDcdrCgLwZtPYRoH2H/youv10QiZyRjmsP48fznoveWytSgCI/R0ZcUgpc0ZhIUEx6LHts8yrfQ==

"@esbuild/linux-riscv64@0.28.1":
  version "0.28.1"
  resolved "https://registry.yarnpkg.com/@esbuild/linux-riscv64/-/linux-riscv64-0.28.1.tgz#d192943eb146a40ac4c6497d0cf7be35b986bf08"
  integrity sha512-kw0owk1o0GFETUJyW0jc0G4Yzs0BHZn0JDZ8JRT088vjJYX777BAs1fDGxAC+q831qOs2DTC96mNsG2opdfyyQ==

"@esbuild/linux-s390x@0.28.1":
  version "0.28.1"
  resolved "https://registry.yarnpkg.com/@esbuild/linux-s390x/-/linux-s390x-0.28.1.tgz#acea0356da0e0ebc08f97cf7b9c2e401e1e648dc"
  integrity sha512-/lAIjX8aYFRByhh6L5rYtPEDRqa9de/4V/juOXcta5frjvzXO4/sqEtyytse0g3zZFuWu5cDN0MkLz2qRDD2Ag==

"@esbuild/linux-x64@0.28.1":
  version "0.28.1"
  resolved "https://registry.yarnpkg.com/@esbuild/linux-x64/-/linux-x64-0.28.1.tgz#6f0c3ce0cb64c534b70c4c45ecb2c16d34e35dfd"
  integrity sha512-u/anNYF2mmVOEDwLtnQ1wOr3EZ9sTNGLWrsYGYwHWzGA3Si84IOkHXlbWTD1NB+9/1lcnweYKO54uhxZydNzfA==

"@esbuild/netbsd-arm64@0.28.1":
  version "0.28.1"
  resolved "https://registry.yarnpkg.com/@esbuild/netbsd-arm64/-/netbsd-arm64-0.28.1.tgz#8bcd77077a0dce3378b574fedb26d2a253b73d36"
  integrity sha512-oks0DYbLwWMmaakTsCb+zL4E+aHRVLom9IJZOAthMQEPiQmydXHkziYEsGYRx0uNV/IjEKGAV941JzH02pflqw==

"@esbuild/netbsd-x64@0.28.1":
  version "0.28.1"
  resolved "https://registry.yarnpkg.com/@esbuild/netbsd-x64/-/netbsd-x64-0.28.1.tgz#e7fb2a01e99c830c94e6623cd9fefb4c8fb58347"
  integrity sha512-aeL6lAnN89Hz43Mlh1G8ARasbuoYvSITDEx0tHh5b7jJnHcssqgjy9Yx430GDpmCa6OyrKoS0aNRjKundRizGg==

"@esbuild/openbsd-arm64@0.28.1":
  version "0.28.1"
  resolved "https://registry.yarnpkg.com/@esbuild/openbsd-arm64/-/openbsd-arm64-0.28.1.tgz#c52909372db8b86e2c55e05a8940033b5660a3b2"
  integrity sha512-MEFJe5C3R8pwXdZ5Y21oo6m7ePiS0d9pWucn99O/wvyJZChoIQKrQDxKrGeW8F5+T0okTHesAmDeiHDTIq0V/Q==

"@esbuild/openbsd-x64@0.28.1":
  version "0.28.1"
  resolved "https://registry.yarnpkg.com/@esbuild/openbsd-x64/-/openbsd-x64-0.28.1.tgz#c427b9be5a64c262ff9a7eb70b5fbbaadf446c6c"
  integrity sha512-i/ZLIOafE0Z8cI/XANJAixoJL/uRAoS2xOA3rb0xN+KK0K177cMAsQYkzHtBrtMXAKuAc7HGgcWiZ/sRC1Nxgw==

"@esbuild/openharmony-arm64@0.28.1":
  version "0.28.1"
  resolved "https://registry.yarnpkg.com/@esbuild/openharmony-arm64/-/openharmony-arm64-0.28.1.tgz#dc9b147baca2e6c4b3c85571741ef4860a489097"
  integrity sha512-ge+Z7EXFNt2BO1oAMsVpiQ8EwndV9i1xXerAeTIK7AtPs3bKFXQM7nlRxDSIUIMeueR1CNXxqztLzdNeReKBJg==

"@esbuild/sunos-x64@0.28.1":
  version "0.28.1"
  resolved "https://registry.yarnpkg.com/@esbuild/sunos-x64/-/sunos-x64-0.28.1.tgz#ce866d12df13c15e4c99f073a3d466f6e0649b3a"
  integrity sha512-BEjgtECkL3vY+SaSQ6nzVfiALUeFxpawyp8Jmf5PtYhf1Ug40N1h/hxlhts+f1FvSvarEigdxS3BlSMI2PJLcQ==

"@esbuild/win32-arm64@0.28.1":
  version "0.28.1"
  resolved "https://registry.yarnpkg.com/@esbuild/win32-arm64/-/win32-arm64-0.28.1.tgz#7468e3692d01d629d5941e5d83817bb80f9e39b4"
  integrity sha512-lCv9eK/H6ZJWbE7bh2nw54CZ9M2nupBxJcTsdk/QQnWkdSjKGuxmmH8/GWrlT1eMmZfn4dGcCjRte397WqfQXA==

"@esbuild/win32-ia32@0.28.1":
  version "0.28.1"
  resolved "https://registry.yarnpkg.com/@esbuild/win32-ia32/-/win32-ia32-0.28.1.tgz#a5bc0063fb2bcab6d0ed63f2a1537958bc269ec6"
  integrity sha512-zvb/mB2bSCoJOpoCBgYKKpX6YM6mJBlBUVUtVj41DlZJVEB6/0CKlRYxP5wWl1C1ILiCoAU5wZZ4q1P3qeS6Eg==

"@esbuild/win32-x64@0.28.1":
  version "0.28.1"
  resolved "https://registry.yarnpkg.com/@esbuild/win32-x64/-/win32-x64-0.28.1.tgz#10064ee44f4347b90c9a02b446bbf80a91632b12"
  integrity sha512-bm4Mowrv+GXMlpWX++EcXw/iLyd1o3+bJkC2DkWXYVvgZCqD/bSj9ctZeAMC3cIxgjRVR2Dufaiu4YPxr5gW1A==

"@smithy/core@^3.29.0", "@smithy/core@^3.29.1":
  version "3.29.1"
  resolved "https://registry.yarnpkg.com/@smithy/core/-/core-3.29.1.tgz#4f900e19fd80fe9c771ae892b1c84c323845ce21"
  integrity sha512-qoiY4nrk5OCu1+eIR1VB8l5DmON/oKiqrd5zZFAhXJXjJlLWQusKEW/SkBDAtGDcPaz86m9kfcE1lngU0GlM6A==
  dependencies:
    "@smithy/types" "^4.15.1"
    tslib "^2.6.2"

"@smithy/credential-provider-imds@^4.4.5":
  version "4.4.6"
  resolved "https://registry.yarnpkg.com/@smithy/credential-provider-imds/-/credential-provider-imds-4.4.6.tgz#048ad961282016fc2d46d457f43beac8ca8f0e24"
  integrity sha512-B2WQ/PV/H6Jeg3lrIq6bKUfa6Hy01mtK7CGs6lhjzHA6k4aagldH6T6eEjnzKl4HI0cJnAsxfJ19pgb5PV+CVQ==
  dependencies:
    "@smithy/core" "^3.29.1"
    "@smithy/types" "^4.15.1"
    tslib "^2.6.2"

"@smithy/fetch-http-handler@^5.6.2":
  version "5.6.3"
  resolved "https://registry.yarnpkg.com/@smithy/fetch-http-handler/-/fetch-http-handler-5.6.3.tgz#7b4aec28f89bd1e3aa00dfae0d0bd30079c58341"
  integrity sha512-CwCc/7SMTj45y97MUnDTbTaxvtAsiNNRm81z3abROIuMbMsC2Iy5EKfkkVdsKrz8WExQAAMx1EJapq+9j4fFTQ==
  dependencies:
    "@smithy/core" "^3.29.1"
    "@smithy/types" "^4.15.1"
    tslib "^2.6.2"

"@smithy/node-http-handler@^4.9.2":
  version "4.9.3"
  resolved "https://registry.yarnpkg.com/@smithy/node-http-handler/-/node-http-handler-4.9.3.tgz#f464b7f4ac242e8d6642dd8a602078bc88b0c53d"
  integrity sha512-qZTa4gQFUo8RM02rk6q5UVTDLNrQ1oS20LsepBzqq1QBVc/EHJ03OOUADcqMZiXHArW+Y7+OGY0BpdTwZRq/Yg==
  dependencies:
    "@smithy/core" "^3.29.1"
    "@smithy/types" "^4.15.1"
    tslib "^2.6.2"

"@smithy/signature-v4@^5.6.1":
  version "5.6.2"
  resolved "https://registry.yarnpkg.com/@smithy/signature-v4/-/signature-v4-5.6.2.tgz#a07e352e0d66149f5e70caf6d3161845ec86062f"
  integrity sha512-QgHflghMoPxCJ9axiCVh8KZfbC9fuP6vkXXyK//E3cq7nLaSSyyLj0GAoqVWezYeDQmXIZhmlRvLE16jsqDK6g==
  dependencies:
    "@smithy/core" "^3.29.1"
    "@smithy/types" "^4.15.1"
    tslib "^2.6.2"

"@smithy/types@^4.15.1":
  version "4.15.1"
  resolved "https://registry.yarnpkg.com/@smithy/types/-/types-4.15.1.tgz#cdad0fdf4c5d1f5788dc21a3f1fb6af523d79da0"
  integrity sha512-x3L0XSACF6UYzKpa9biqiRMgvH5+wnFFew9Tm/grFYqgaupPwx/+ojDPpPJM8dZON3S9tjz5U+PQYsCBd1Mw5Q==
  dependencies:
    tslib "^2.6.2"

"@types/node@^22.0.0":
  version "22.20.0"
  resolved "https://registry.yarnpkg.com/@types/node/-/node-22.20.0.tgz#431f5007396bc1a1a47b9c7df60f3e5e0b5b7304"
  integrity sha512-QWlFW2wf3nTjC13/DqRnBpR4ZO36VJH/JVBkA/vcnmbTBNQIlnObqyqZE1tUR7+Ni23Lda8R1BxMfbXRpCUx5g==
  dependencies:
    undici-types "~6.21.0"

bowser@^2.11.0:
  version "2.14.1"
  resolved "https://registry.yarnpkg.com/bowser/-/bowser-2.14.1.tgz#4ea39bf31e305184522d7ad7bfd91389e4f0cb79"
  integrity sha512-tzPjzCxygAKWFOJP011oxFHs57HzIhOEracIgAePE4pqB3LikALKnSzUyU4MGs9/iCEUuHlAJTjTc5M+u7YEGg==

commander@^12.1.0:
  version "12.1.0"
  resolved "https://registry.yarnpkg.com/commander/-/commander-12.1.0.tgz#01423b36f501259fdaac4d0e4d60c96c991585d3"
  integrity sha512-Vw8qHK3bZM9y/P10u3Vib8o/DdkvA2OtPtZvD871QKjy74Wj1WSKFILMPRPSdUSx5RFK1arlJzEtA4PkFgnbuA==

esbuild@~0.28.0:
  version "0.28.1"
  resolved "https://registry.yarnpkg.com/esbuild/-/esbuild-0.28.1.tgz#ef45b4634c9c9d97a296aea4114a5f9840f95578"
  integrity sha512-HrJrvZv5ayxBzPfwphOoNzkzOIIlifzk0KJrGK2c8R4+LKpMtpYLQeUdjnwjWv/LZlkH2laZk+4w78pi99D4Vw==
  optionalDependencies:
    "@esbuild/aix-ppc64" "0.28.1"
    "@esbuild/android-arm" "0.28.1"
    "@esbuild/android-arm64" "0.28.1"
    "@esbuild/android-x64" "0.28.1"
    "@esbuild/darwin-arm64" "0.28.1"
    "@esbuild/darwin-x64" "0.28.1"
    "@esbuild/freebsd-arm64" "0.28.1"
    "@esbuild/freebsd-x64" "0.28.1"
    "@esbuild/linux-arm" "0.28.1"
    "@esbuild/linux-arm64" "0.28.1"
    "@esbuild/linux-ia32" "0.28.1"
    "@esbuild/linux-loong64" "0.28.1"
    "@esbuild/linux-mips64el" "0.28.1"
    "@esbuild/linux-ppc64" "0.28.1"
    "@esbuild/linux-riscv64" "0.28.1"
    "@esbuild/linux-s390x" "0.28.1"
    "@esbuild/linux-x64" "0.28.1"
    "@esbuild/netbsd-arm64" "0.28.1"
    "@esbuild/netbsd-x64" "0.28.1"
    "@esbuild/openbsd-arm64" "0.28.1"
    "@esbuild/openbsd-x64" "0.28.1"
    "@esbuild/openharmony-arm64" "0.28.1"
    "@esbuild/sunos-x64" "0.28.1"
    "@esbuild/win32-arm64" "0.28.1"
    "@esbuild/win32-ia32" "0.28.1"
    "@esbuild/win32-x64" "0.28.1"

fsevents@~2.3.3:
  version "2.3.3"
  resolved "https://registry.yarnpkg.com/fsevents/-/fsevents-2.3.3.tgz#cac6407785d03675a2a5e1a5305c697b347d90d6"
  integrity sha512-5xoDfX+fL7faATnagmWPpbFtwh/R77WmMMqqHGS65C3vvB0YHrgF+B1YmZ3441tMj5n63k0212XNoJwzlhffQw==

tslib@^2.6.2:
  version "2.8.1"
  resolved "https://registry.yarnpkg.com/tslib/-/tslib-2.8.1.tgz#612efe4ed235d567e8aba5f2a5fab70280ade83f"
  integrity sha512-oJFu94HQb+KVduSUQL7wnpmqnfmLsOA/nAh6b6EH0wCEoK0/mPeXU6c3wKDV83MkOuHPRHtSXKKU99IBazS/2w==

tsx@^4.16.0:
  version "4.23.0"
  resolved "https://registry.yarnpkg.com/tsx/-/tsx-4.23.0.tgz#5393ae8bfce5a9c34db9c00d1353e3d8c3fd3de6"
  integrity sha512-eUdUIaCr963q2h5u3+QwvYp0+eqPvn+egeqZUm0hwERCqqx1E3kK5ehbGCvqSE5MQAULr67ww0cA3jKc3YkM1w==
  dependencies:
    esbuild "~0.28.0"
  optionalDependencies:
    fsevents "~2.3.3"

typescript@^5.5.0:
  version "5.9.3"
  resolved "https://registry.yarnpkg.com/typescript/-/typescript-5.9.3.tgz#5b4f59e15310ab17a216f5d6cf53ee476ede670f"
  integrity sha512-jl1vZzPDinLr9eUt3J/t7V6FgNEw9QjvBPdysz9KfQDD41fQrC2Y4vKQdiaUpFT4bXlb1RHhLpp8wtm6M5TgSw==

undici-types@~6.21.0:
  version "6.21.0"
  resolved "https://registry.yarnpkg.com/undici-types/-/undici-types-6.21.0.tgz#691d00af3909be93a7faa13be61b3a5b50ef12cb"
  integrity sha512-iwDZqg0QAGrg9Rav5H4n0M64c3mkR59cJ6wQp+7C4nI0gsmExaedaYLNO44eT4AtBBwjbTiGPMlt2Md0T9H9JQ==
